
Microsoft Visual Studio Solution File, Format Version 12.00
# Visual Studio Version 17
VisualStudioVersion = 17.0.32014.148
MinimumVisualStudioVersion = 10.0.40219.1
Project("{FAE04EC0-301F-11D3-BF4B-00C04F79EFBC}") = "patika_10", "patika_10.csproj", "{8D819F98-90A0-464C-AF1F-9E2CE1A51577}"
EndProject
Global
	GlobalSection(SolutionConfigurationPlatforms) = preSolution
		Debug|Any CPU = Debug|Any CPU
		Release|Any CPU = Release|Any CPU
	EndGlobalSection
	GlobalSection(ProjectConfigurationPlatforms) = postSolution
		{8D819F98-90A0-464C-AF1F-9E2CE1A51577}.Debug|Any CPU.ActiveCfg = Debug|Any CPU
		{8D819F98-90A0-464C-AF1F-9E2CE1A51577}.Debug|Any CPU.Build.0 = Debug|Any CPU
		{8D819F98-90A0-464C-AF1F-9E2CE1A51577}.Release|Any CPU.ActiveCfg = Release|Any CPU
		{8D819F98-90A0-464C-AF1F-9E2CE1A51577}.Release|Any CPU.Build.0 = Release|Any CPU
	EndGlobalSection
	GlobalSection(SolutionProperties) = preSolution
		HideSolutionNode = FALSE
	EndGlobalSection
	GlobalSection(ExtensibilityGlobals) = postSolution
		SolutionGuid = {50B67715-8A6A-44DA-8BFA-232A038482B8}
	EndGlobalSection
EndGlobal
